
Microsoft Visual Studio Solution File, Format Version 12.00
# Visual Studio Version 17
VisualStudioVersion = 17.11.35327.3
MinimumVisualStudioVersion = 10.0.40219.1
Project("{FAE04EC0-301F-11D3-BF4B-00C04F79EFBC}") = "Class 05 and strings and shit", "Class 05 and strings and shit\Class 05 and strings and shit.csproj", "{ED536D59-5CBA-499C-996E-804B49727AB0}"
EndProject
Project("{FAE04EC0-301F-11D3-BF4B-00C04F79EFBC}") = "String Exercise", "String Exercise\String Exercise.csproj", "{B3481E89-036B-4232-8677-DD2D1EED4131}"
EndProject
Global
	GlobalSection(SolutionConfigurationPlatforms) = preSolution
		Debug|Any CPU = Debug|Any CPU
		Release|Any CPU = Release|Any CPU
	EndGlobalSection
	GlobalSection(ProjectConfigurationPlatforms) = postSolution
		{ED536D59-5CBA-499C-996E-804B49727AB0}.Debug|Any CPU.ActiveCfg = Debug|Any CPU
		{ED536D59-5CBA-499C-996E-804B49727AB0}.Debug|Any CPU.Build.0 = Debug|Any CPU
		{ED536D59-5CBA-499C-996E-804B49727AB0}.Release|Any CPU.ActiveCfg = Release|Any CPU
		{ED536D59-5CBA-499C-996E-804B49727AB0}.Release|Any CPU.Build.0 = Release|Any CPU
		{B3481E89-036B-4232-8677-DD2D1EED4131}.Debug|Any CPU.ActiveCfg = Debug|Any CPU
		{B3481E89-036B-4232-8677-DD2D1EED4131}.Debug|Any CPU.Build.0 = Debug|Any CPU
		{B3481E89-036B-4232-8677-DD2D1EED4131}.Release|Any CPU.ActiveCfg = Release|Any CPU
		{B3481E89-036B-4232-8677-DD2D1EED4131}.Release|Any CPU.Build.0 = Release|Any CPU
	EndGlobalSection
	GlobalSection(SolutionProperties) = preSolution
		HideSolutionNode = FALSE
	EndGlobalSection
	GlobalSection(ExtensibilityGlobals) = postSolution
		SolutionGuid = {7E6218CE-B968-4DFD-9332-5F8CAC76B2EA}
	EndGlobalSection
EndGlobal
