
Microsoft Visual Studio Solution File, Format Version 12.00
# Visual Studio Version 17
VisualStudioVersion = 17.11.35327.3
MinimumVisualStudioVersion = 10.0.40219.1
Project("{FAE04EC0-301F-11D3-BF4B-00C04F79EFBC}") = "ConsoleApp1", "ConsoleApp1\ConsoleApp1.csproj", "{B340ED80-E73D-4120-9C4F-129784807613}"
EndProject
Global
	GlobalSection(SolutionConfigurationPlatforms) = preSolution
		Debug|Any CPU = Debug|Any CPU
		Release|Any CPU = Release|Any CPU
	EndGlobalSection
	GlobalSection(ProjectConfigurationPlatforms) = postSolution
		{B340ED80-E73D-4120-9C4F-129784807613}.Debug|Any CPU.ActiveCfg = Debug|Any CPU
		{B340ED80-E73D-4120-9C4F-129784807613}.Debug|Any CPU.Build.0 = Debug|Any CPU
		{B340ED80-E73D-4120-9C4F-129784807613}.Release|Any CPU.ActiveCfg = Release|Any CPU
		{B340ED80-E73D-4120-9C4F-129784807613}.Release|Any CPU.Build.0 = Release|Any CPU
	EndGlobalSection
	GlobalSection(SolutionProperties) = preSolution
		HideSolutionNode = FALSE
	EndGlobalSection
	GlobalSection(ExtensibilityGlobals) = postSolution
		SolutionGuid = {504037E4-52FD-4A5E-B4E4-48A47717A391}
	EndGlobalSection
EndGlobal
